
Microsoft Visual Studio Solution File, Format Version 12.00
# Visual Studio Version 17
VisualStudioVersion = 17.4.33213.308
MinimumVisualStudioVersion = 10.0.40219.1
Project("{9A19103F-16F7-4668-BE54-9A1E7A4F7556}") = "YL3Bot", "CirclesBot\YL3Bot.csproj", "{2A998998-F97E-4CA2-8764-D2974EEFCF2C}"
EndProject
Global
	GlobalSection(SolutionConfigurationPlatforms) = preSolution
		Debug|Any CPU = Debug|Any CPU
		Release Linux|Any CPU = Release Linux|Any CPU
		Release|Any CPU = Release|Any CPU
	EndGlobalSection
	GlobalSection(ProjectConfigurationPlatforms) = postSolution
		{2A998998-F97E-4CA2-8764-D2974EEFCF2C}.Debug|Any CPU.ActiveCfg = Debug|Any CPU
		{2A998998-F97E-4CA2-8764-D2974EEFCF2C}.Debug|Any CPU.Build.0 = Debug|Any CPU
		{2A998998-F97E-4CA2-8764-D2974EEFCF2C}.Release Linux|Any CPU.ActiveCfg = Release Linux|Any CPU
		{2A998998-F97E-4CA2-8764-D2974EEFCF2C}.Release Linux|Any CPU.Build.0 = Release Linux|Any CPU
		{2A998998-F97E-4CA2-8764-D2974EEFCF2C}.Release|Any CPU.ActiveCfg = Release|Any CPU
		{2A998998-F97E-4CA2-8764-D2974EEFCF2C}.Release|Any CPU.Build.0 = Release|Any CPU
	EndGlobalSection
	GlobalSection(SolutionProperties) = preSolution
		HideSolutionNode = FALSE
	EndGlobalSection
	GlobalSection(ExtensibilityGlobals) = postSolution
		SolutionGuid = {BECF7ADA-0133-46D8-912F-093F0DCBB014}
	EndGlobalSection
EndGlobal
